// !$*UTF8*$!
{
	archiveVersion = 1;
	classes = {
	};
	objectVersion = 56;
	objects = {

/* Begin PBXBuildFile section */
		3C05F20F29CED1DE00CBB6D6 /* shake.wav in Resources */ = {isa = PBXBuildFile; fileRef = 3C05F20E29CED1DE00CBB6D6 /* shake.wav */; };
		3C05F21029CED1DE00CBB6D6 /* shake.wav in Resources */ = {isa = PBXBuildFile; fileRef = 3C05F20E29CED1DE00CBB6D6 /* shake.wav */; };
		3C186B1729CEC1B7009100C9 /* Magic8BallApp.swift in Sources */ = {isa = PBXBuildFile; fileRef = 3C186B1629CEC1B7009100C9 /* Magic8BallApp.swift */; };
		3C186B1929CEC1B7009100C9 /* ContentView.swift in Sources */ = {isa = PBXBuildFile; fileRef = 3C186B1829CEC1B7009100C9 /* ContentView.swift */; };
		3C186B1B29CEC1B7009100C9 /* Assets.xcassets in Resources */ = {isa = PBXBuildFile; fileRef = 3C186B1A29CEC1B7009100C9 /* Assets.xcassets */; };
		3C186B1E29CEC1B7009100C9 /* Preview Assets.xcassets in Resources */ = {isa = PBXBuildFile; fileRef = 3C186B1D29CEC1B7009100C9 /* Preview Assets.xcassets */; };
		3C186B2429CEC1B7009100C9 /* Magic 8 Ball.app in Embed Watch Content */ = {isa = PBXBuildFile; fileRef = 3C186B2329CEC1B7009100C9 /* Magic 8 Ball.app */; settings = {ATTRIBUTES = (RemoveHeadersOnCopy, ); }; };
		3C186B2929CEC1B7009100C9 /* Magic8BallApp.swift in Sources */ = {isa = PBXBuildFile; fileRef = 3C186B2829CEC1B7009100C9 /* Magic8BallApp.swift */; };
		3C186B2B29CEC1B7009100C9 /* ContentView.swift in Sources */ = {isa = PBXBuildFile; fileRef = 3C186B2A29CEC1B7009100C9 /* ContentView.swift */; };
		3C186B2D29CEC1B8009100C9 /* Assets.xcassets in Resources */ = {isa = PBXBuildFile; fileRef = 3C186B2C29CEC1B8009100C9 /* Assets.xcassets */; };
		3C186B3029CEC1B8009100C9 /* Preview Assets.xcassets in Resources */ = {isa = PBXBuildFile; fileRef = 3C186B2F29CEC1B8009100C9 /* Preview Assets.xcassets */; };
		3C3340B829D08B8100D61961 /* LaunchScreen.storyboard in Resources */ = {isa = PBXBuildFile; fileRef = 3C3340B729D08B8100D61961 /* LaunchScreen.storyboard */; };
		3C3340BA29D08C8600D61961 /* ShakeGestureManager.swift in Sources */ = {isa = PBXBuildFile; fileRef = 3C3340B929D08C8600D61961 /* ShakeGestureManager.swift */; };
		3C3340C129D0908400D61961 /* abstract_ball.dae in Resources */ = {isa = PBXBuildFile; fileRef = 3C3340C029D0908400D61961 /* abstract_ball.dae */; };
		3C3340C529D0AC7F00D61961 /* BallView.swift in Sources */ = {isa = PBXBuildFile; fileRef = 3C3340C429D0AC7F00D61961 /* BallView.swift */; };
		3C3340C729D0B61300D61961 /* bg.png in Resources */ = {isa = PBXBuildFile; fileRef = 3C3340C629D0B61300D61961 /* bg.png */; };
		3C3340C929D0C21900D61961 /* Magic_8_Ball_with_Dice.usdz in Resources */ = {isa = PBXBuildFile; fileRef = 3C3340C829D0C21800D61961 /* Magic_8_Ball_with_Dice.usdz */; };
/* End PBXBuildFile section */

/* Begin PBXContainerItemProxy section */
		3C186B2529CEC1B7009100C9 /* PBXContainerItemProxy */ = {
			isa = PBXContainerItemProxy;
			containerPortal = 3C186B0B29CEC1B7009100C9 /* Project object */;
			proxyType = 1;
			remoteGlobalIDString = 3C186B2229CEC1B7009100C9;
			remoteInfo = "magic8ball Watch App";
		};
/* End PBXContainerItemProxy section */

/* Begin PBXCopyFilesBuildPhase section */
		3C186B3629CEC1B8009100C9 /* Embed Watch Content */ = {
			isa = PBXCopyFilesBuildPhase;
			buildActionMask = 2147483647;
			dstPath = "$(CONTENTS_FOLDER_PATH)/Watch";
			dstSubfolderSpec = 16;
			files = (
				3C186B2429CEC1B7009100C9 /* Magic 8 Ball.app in Embed Watch Content */,
			);
			name = "Embed Watch Content";
			runOnlyForDeploymentPostprocessing = 0;
		};
/* End PBXCopyFilesBuildPhase section */

/* Begin PBXFileReference section */
		3C05F20D29CEC6C600CBB6D6 /* .gitignore */ = {isa = PBXFileReference; lastKnownFileType = text; path = .gitignore; sourceTree = "<group>"; };
		3C05F20E29CED1DE00CBB6D6 /* shake.wav */ = {isa = PBXFileReference; lastKnownFileType = audio.wav; path = shake.wav; sourceTree = "<group>"; };
		3C186B1329CEC1B7009100C9 /* Magic 8 Ball.app */ = {isa = PBXFileReference; explicitFileType = wrapper.application; includeInIndex = 0; path = "Magic 8 Ball.app"; sourceTree = BUILT_PRODUCTS_DIR; };
		3C186B1629CEC1B7009100C9 /* Magic8BallApp.swift */ = {isa = PBXFileReference; lastKnownFileType = sourcecode.swift; path = Magic8BallApp.swift; sourceTree = "<group>"; };
		3C186B1829CEC1B7009100C9 /* ContentView.swift */ = {isa = PBXFileReference; lastKnownFileType = sourcecode.swift; path = ContentView.swift; sourceTree = "<group>"; };
		3C186B1A29CEC1B7009100C9 /* Assets.xcassets */ = {isa = PBXFileReference; lastKnownFileType = folder.assetcatalog; path = Assets.xcassets; sourceTree = "<group>"; };
		3C186B1D29CEC1B7009100C9 /* Preview Assets.xcassets */ = {isa = PBXFileReference; lastKnownFileType = folder.assetcatalog; path = "Preview Assets.xcassets"; sourceTree = "<group>"; };
		3C186B2329CEC1B7009100C9 /* Magic 8 Ball.app */ = {isa = PBXFileReference; explicitFileType = wrapper.application; includeInIndex = 0; path = "Magic 8 Ball.app"; sourceTree = BUILT_PRODUCTS_DIR; };
		3C186B2829CEC1B7009100C9 /* Magic8BallApp.swift */ = {isa = PBXFileReference; lastKnownFileType = sourcecode.swift; path = Magic8BallApp.swift; sourceTree = "<group>"; };
		3C186B2A29CEC1B7009100C9 /* ContentView.swift */ = {isa = PBXFileReference; lastKnownFileType = sourcecode.swift; path = ContentView.swift; sourceTree = "<group>"; };
		3C186B2C29CEC1B8009100C9 /* Assets.xcassets */ = {isa = PBXFileReference; lastKnownFileType = folder.assetcatalog; path = Assets.xcassets; sourceTree = "<group>"; };
		3C186B2F29CEC1B8009100C9 /* Preview Assets.xcassets */ = {isa = PBXFileReference; lastKnownFileType = folder.assetcatalog; path = "Preview Assets.xcassets"; sourceTree = "<group>"; };
		3C3340B729D08B8100D61961 /* LaunchScreen.storyboard */ = {isa = PBXFileReference; lastKnownFileType = file.storyboard; path = LaunchScreen.storyboard; sourceTree = "<group>"; };
		3C3340B929D08C8600D61961 /* ShakeGestureManager.swift */ = {isa = PBXFileReference; lastKnownFileType = sourcecode.swift; path = ShakeGestureManager.swift; sourceTree = "<group>"; };
		3C3340C029D0908400D61961 /* abstract_ball.dae */ = {isa = PBXFileReference; fileEncoding = 4; lastKnownFileType = text.xml.dae; path = abstract_ball.dae; sourceTree = "<group>"; };
		3C3340C429D0AC7F00D61961 /* BallView.swift */ = {isa = PBXFileReference; fileEncoding = 4; lastKnownFileType = sourcecode.swift; path = BallView.swift; sourceTree = "<group>"; };
		3C3340C629D0B61300D61961 /* bg.png */ = {isa = PBXFileReference; lastKnownFileType = image.png; path = bg.png; sourceTree = "<group>"; };
		3C3340C829D0C21800D61961 /* Magic_8_Ball_with_Dice.usdz */ = {isa = PBXFileReference; lastKnownFileType = file.usdz; path = Magic_8_Ball_with_Dice.usdz; sourceTree = "<group>"; };
/* End PBXFileReference section */

/* Begin PBXFrameworksBuildPhase section */
		3C186B1029CEC1B7009100C9 /* Frameworks */ = {
			isa = PBXFrameworksBuildPhase;
			buildActionMask = 2147483647;
			files = (
			);
			runOnlyForDeploymentPostprocessing = 0;
		};
		3C186B2029CEC1B7009100C9 /* Frameworks */ = {
			isa = PBXFrameworksBuildPhase;
			buildActionMask = 2147483647;
			files = (
			);
			runOnlyForDeploymentPostprocessing = 0;
		};
/* End PBXFrameworksBuildPhase section */

/* Begin PBXGroup section */
		3C186B0A29CEC1B7009100C9 = {
			isa = PBXGroup;
			children = (
				3C3340BB29D08FD700D61961 /* Assets */,
				3C05F20D29CEC6C600CBB6D6 /* .gitignore */,
				3C186B1529CEC1B7009100C9 /* Magic 8 Ball */,
				3C186B2729CEC1B7009100C9 /* Magic 8 Ball Watch App */,
				3C186B1429CEC1B7009100C9 /* Products */,
			);
			sourceTree = "<group>";
		};
		3C186B1429CEC1B7009100C9 /* Products */ = {
			isa = PBXGroup;
			children = (
				3C186B1329CEC1B7009100C9 /* Magic 8 Ball.app */,
				3C186B2329CEC1B7009100C9 /* Magic 8 Ball.app */,
			);
			name = Products;
			sourceTree = "<group>";
		};
		3C186B1529CEC1B7009100C9 /* Magic 8 Ball */ = {
			isa = PBXGroup;
			children = (
				3C3340B729D08B8100D61961 /* LaunchScreen.storyboard */,
				3C186B1629CEC1B7009100C9 /* Magic8BallApp.swift */,
				3C186B1829CEC1B7009100C9 /* ContentView.swift */,
				3C3340C429D0AC7F00D61961 /* BallView.swift */,
				3C3340B929D08C8600D61961 /* ShakeGestureManager.swift */,
				3C186B1A29CEC1B7009100C9 /* Assets.xcassets */,
				3C186B1C29CEC1B7009100C9 /* Preview Content */,
			);
			path = "Magic 8 Ball";
			sourceTree = "<group>";
		};
		3C186B1C29CEC1B7009100C9 /* Preview Content */ = {
			isa = PBXGroup;
			children = (
				3C186B1D29CEC1B7009100C9 /* Preview Assets.xcassets */,
			);
			path = "Preview Content";
			sourceTree = "<group>";
		};
		3C186B2729CEC1B7009100C9 /* Magic 8 Ball Watch App */ = {
			isa = PBXGroup;
			children = (
				3C186B2829CEC1B7009100C9 /* Magic8BallApp.swift */,
				3C186B2A29CEC1B7009100C9 /* ContentView.swift */,
				3C186B2C29CEC1B8009100C9 /* Assets.xcassets */,
				3C186B2E29CEC1B8009100C9 /* Preview Content */,
			);
			path = "Magic 8 Ball Watch App";
			sourceTree = "<group>";
		};
		3C186B2E29CEC1B8009100C9 /* Preview Content */ = {
			isa = PBXGroup;
			children = (
				3C186B2F29CEC1B8009100C9 /* Preview Assets.xcassets */,
			);
			path = "Preview Content";
			sourceTree = "<group>";
		};
		3C3340BB29D08FD700D61961 /* Assets */ = {
			isa = PBXGroup;
			children = (
				3C3340C829D0C21800D61961 /* Magic_8_Ball_with_Dice.usdz */,
				3C3340C629D0B61300D61961 /* bg.png */,
				3C3340C029D0908400D61961 /* abstract_ball.dae */,
				3C05F20E29CED1DE00CBB6D6 /* shake.wav */,
			);
			path = Assets;
			sourceTree = "<group>";
		};
/* End PBXGroup section */

/* Begin PBXNativeTarget section */
		3C186B1229CEC1B7009100C9 /* Magic 8 Ball */ = {
			isa = PBXNativeTarget;
			buildConfigurationList = 3C186B3729CEC1B8009100C9 /* Build configuration list for PBXNativeTarget "Magic 8 Ball" */;
			buildPhases = (
				3C186B0F29CEC1B7009100C9 /* Sources */,
				3C186B1029CEC1B7009100C9 /* Frameworks */,
				3C186B1129CEC1B7009100C9 /* Resources */,
				3C186B3629CEC1B8009100C9 /* Embed Watch Content */,
			);
			buildRules = (
			);
			dependencies = (
				3C186B2629CEC1B7009100C9 /* PBXTargetDependency */,
			);
			name = "Magic 8 Ball";
			productName = magic8ball;
			productReference = 3C186B1329CEC1B7009100C9 /* Magic 8 Ball.app */;
			productType = "com.apple.product-type.application";
		};
		3C186B2229CEC1B7009100C9 /* Magic 8 Ball Watch App */ = {
			isa = PBXNativeTarget;
			buildConfigurationList = 3C186B3329CEC1B8009100C9 /* Build configuration list for PBXNativeTarget "Magic 8 Ball Watch App" */;
			buildPhases = (
				3C186B1F29CEC1B7009100C9 /* Sources */,
				3C186B2029CEC1B7009100C9 /* Frameworks */,
				3C186B2129CEC1B7009100C9 /* Resources */,
			);
			buildRules = (
			);
			dependencies = (
			);
			name = "Magic 8 Ball Watch App";
			productName = "magic8ball Watch App";
			productReference = 3C186B2329CEC1B7009100C9 /* Magic 8 Ball.app */;
			productType = "com.apple.product-type.application";
		};
/* End PBXNativeTarget section */

/* Begin PBXProject section */
		3C186B0B29CEC1B7009100C9 /* Project object */ = {
			isa = PBXProject;
			attributes = {
				BuildIndependentTargetsInParallel = 1;
				LastSwiftUpdateCheck = 1420;
				LastUpgradeCheck = 1420;
				TargetAttributes = {
					3C186B1229CEC1B7009100C9 = {
						CreatedOnToolsVersion = 14.2;
					};
					3C186B2229CEC1B7009100C9 = {
						CreatedOnToolsVersion = 14.2;
					};
				};
			};
			buildConfigurationList = 3C186B0E29CEC1B7009100C9 /* Build configuration list for PBXProject "Magic 8 Ball" */;
			compatibilityVersion = "Xcode 14.0";
			developmentRegion = en;
			hasScannedForEncodings = 0;
			knownRegions = (
				en,
				Base,
			);
			mainGroup = 3C186B0A29CEC1B7009100C9;
			productRefGroup = 3C186B1429CEC1B7009100C9 /* Products */;
			projectDirPath = "";
			projectRoot = "";
			targets = (
				3C186B1229CEC1B7009100C9 /* Magic 8 Ball */,
				3C186B2229CEC1B7009100C9 /* Magic 8 Ball Watch App */,
			);
		};
/* End PBXProject section */

/* Begin PBXResourcesBuildPhase section */
		3C186B1129CEC1B7009100C9 /* Resources */ = {
			isa = PBXResourcesBuildPhase;
			buildActionMask = 2147483647;
			files = (
				3C186B1E29CEC1B7009100C9 /* Preview Assets.xcassets in Resources */,
				3C3340C129D0908400D61961 /* abstract_ball.dae in Resources */,
				3C3340C729D0B61300D61961 /* bg.png in Resources */,
				3C05F20F29CED1DE00CBB6D6 /* shake.wav in Resources */,
				3C3340B829D08B8100D61961 /* LaunchScreen.storyboard in Resources */,
				3C186B1B29CEC1B7009100C9 /* Assets.xcassets in Resources */,
				3C3340C929D0C21900D61961 /* Magic_8_Ball_with_Dice.usdz in Resources */,
			);
			runOnlyForDeploymentPostprocessing = 0;
		};
		3C186B2129CEC1B7009100C9 /* Resources */ = {
			isa = PBXResourcesBuildPhase;
			buildActionMask = 2147483647;
			files = (
				3C186B3029CEC1B8009100C9 /* Preview Assets.xcassets in Resources */,
				3C05F21029CED1DE00CBB6D6 /* shake.wav in Resources */,
				3C186B2D29CEC1B8009100C9 /* Assets.xcassets in Resources */,
			);
			runOnlyForDeploymentPostprocessing = 0;
		};
/* End PBXResourcesBuildPhase section */

/* Begin PBXSourcesBuildPhase section */
		3C186B0F29CEC1B7009100C9 /* Sources */ = {
			isa = PBXSourcesBuildPhase;
			buildActionMask = 2147483647;
			files = (
				3C186B1929CEC1B7009100C9 /* ContentView.swift in Sources */,
				3C186B1729CEC1B7009100C9 /* Magic8BallApp.swift in Sources */,
				3C3340BA29D08C8600D61961 /* ShakeGestureManager.swift in Sources */,
				3C3340C529D0AC7F00D61961 /* BallView.swift in Sources */,
			);
			runOnlyForDeploymentPostprocessing = 0;
		};
		3C186B1F29CEC1B7009100C9 /* Sources */ = {
			isa = PBXSourcesBuildPhase;
			buildActionMask = 2147483647;
			files = (
				3C186B2B29CEC1B7009100C9 /* ContentView.swift in Sources */,
				3C186B2929CEC1B7009100C9 /* Magic8BallApp.swift in Sources */,
			);
			runOnlyForDeploymentPostprocessing = 0;
		};
/* End PBXSourcesBuildPhase section */

/* Begin PBXTargetDependency section */
		3C186B2629CEC1B7009100C9 /* PBXTargetDependency */ = {
			isa = PBXTargetDependency;
			target = 3C186B2229CEC1B7009100C9 /* Magic 8 Ball Watch App */;
			targetProxy = 3C186B2529CEC1B7009100C9 /* PBXContainerItemProxy */;
		};
/* End PBXTargetDependency section */

/* Begin XCBuildConfiguration section */
		3C186B3129CEC1B8009100C9 /* Debug */ = {
			isa = XCBuildConfiguration;
			buildSettings = {
				ALWAYS_SEARCH_USER_PATHS = NO;
				CLANG_ANALYZER_NONNULL = YES;
				CLANG_ANALYZER_NUMBER_OBJECT_CONVERSION = YES_AGGRESSIVE;
				CLANG_CXX_LANGUAGE_STANDARD = "gnu++20";
				CLANG_ENABLE_MODULES = YES;
				CLANG_ENABLE_OBJC_ARC = YES;
				CLANG_ENABLE_OBJC_WEAK = YES;
				CLANG_WARN_BLOCK_CAPTURE_AUTORELEASING = YES;
				CLANG_WARN_BOOL_CONVERSION = YES;
				CLANG_WARN_COMMA = YES;
				CLANG_WARN_CONSTANT_CONVERSION = YES;
				CLANG_WARN_DEPRECATED_OBJC_IMPLEMENTATIONS = YES;
				CLANG_WARN_DIRECT_OBJC_ISA_USAGE = YES_ERROR;
				CLANG_WARN_DOCUMENTATION_COMMENTS = YES;
				CLANG_WARN_EMPTY_BODY = YES;
				CLANG_WARN_ENUM_CONVERSION = YES;
				CLANG_WARN_INFINITE_RECURSION = YES;
				CLANG_WARN_INT_CONVERSION = YES;
				CLANG_WARN_NON_LITERAL_NULL_CONVERSION = YES;
				CLANG_WARN_OBJC_IMPLICIT_RETAIN_SELF = YES;
				CLANG_WARN_OBJC_LITERAL_CONVERSION = YES;
				CLANG_WARN_OBJC_ROOT_CLASS = YES_ERROR;
				CLANG_WARN_QUOTED_INCLUDE_IN_FRAMEWORK_HEADER = YES;
				CLANG_WARN_RANGE_LOOP_ANALYSIS = YES;
				CLANG_WARN_STRICT_PROTOTYPES = YES;
				CLANG_WARN_SUSPICIOUS_MOVE = YES;
				CLANG_WARN_UNGUARDED_AVAILABILITY = YES_AGGRESSIVE;
				CLANG_WARN_UNREACHABLE_CODE = YES;
				CLANG_WARN__DUPLICATE_METHOD_MATCH = YES;
				COPY_PHASE_STRIP = NO;
				DEBUG_INFORMATION_FORMAT = dwarf;
				ENABLE_STRICT_OBJC_MSGSEND = YES;
				ENABLE_TESTABILITY = YES;
				GCC_C_LANGUAGE_STANDARD = gnu11;
				GCC_DYNAMIC_NO_PIC = NO;
				GCC_NO_COMMON_BLOCKS = YES;
				GCC_OPTIMIZATION_LEVEL = 0;
				GCC_PREPROCESSOR_DEFINITIONS = (
					"DEBUG=1",
					"$(inherited)",
				);
				GCC_WARN_64_TO_32_BIT_CONVERSION = YES;
				GCC_WARN_ABOUT_RETURN_TYPE = YES_ERROR;
				GCC_WARN_UNDECLARED_SELECTOR = YES;
				GCC_WARN_UNINITIALIZED_AUTOS = YES_AGGRESSIVE;
				GCC_WARN_UNUSED_FUNCTION = YES;
				GCC_WARN_UNUSED_VARIABLE = YES;
				MTL_ENABLE_DEBUG_INFO = INCLUDE_SOURCE;
				MTL_FAST_MATH = YES;
				ONLY_ACTIVE_ARCH = YES;
				SWIFT_ACTIVE_COMPILATION_CONDITIONS = DEBUG;
				SWIFT_OPTIMIZATION_LEVEL = "-Onone";
			};
			name = Debug;
		};
		3C186B3229CEC1B8009100C9 /* Release */ = {
			isa = XCBuildConfiguration;
			buildSettings = {
				ALWAYS_SEARCH_USER_PATHS = NO;
				CLANG_ANALYZER_NONNULL = YES;
				CLANG_ANALYZER_NUMBER_OBJECT_CONVERSION = YES_AGGRESSIVE;
				CLANG_CXX_LANGUAGE_STANDARD = "gnu++20";
				CLANG_ENABLE_MODULES = YES;
				CLANG_ENABLE_OBJC_ARC = YES;
				CLANG_ENABLE_OBJC_WEAK = YES;
				CLANG_WARN_BLOCK_CAPTURE_AUTORELEASING = YES;
				CLANG_WARN_BOOL_CONVERSION = YES;
				CLANG_WARN_COMMA = YES;
				CLANG_WARN_CONSTANT_CONVERSION = YES;
				CLANG_WARN_DEPRECATED_OBJC_IMPLEMENTATIONS = YES;
				CLANG_WARN_DIRECT_OBJC_ISA_USAGE = YES_ERROR;
				CLANG_WARN_DOCUMENTATION_COMMENTS = YES;
				CLANG_WARN_EMPTY_BODY = YES;
				CLANG_WARN_ENUM_CONVERSION = YES;
				CLANG_WARN_INFINITE_RECURSION = YES;
				CLANG_WARN_INT_CONVERSION = YES;
				CLANG_WARN_NON_LITERAL_NULL_CONVERSION = YES;
				CLANG_WARN_OBJC_IMPLICIT_RETAIN_SELF = YES;
				CLANG_WARN_OBJC_LITERAL_CONVERSION = YES;
				CLANG_WARN_OBJC_ROOT_CLASS = YES_ERROR;
				CLANG_WARN_QUOTED_INCLUDE_IN_FRAMEWORK_HEADER = YES;
				CLANG_WARN_RANGE_LOOP_ANALYSIS = YES;
				CLANG_WARN_STRICT_PROTOTYPES = YES;
				CLANG_WARN_SUSPICIOUS_MOVE = YES;
				CLANG_WARN_UNGUARDED_AVAILABILITY = YES_AGGRESSIVE;
				CLANG_WARN_UNREACHABLE_CODE = YES;
				CLANG_WARN__DUPLICATE_METHOD_MATCH = YES;
				COPY_PHASE_STRIP = NO;
				DEBUG_INFORMATION_FORMAT = "dwarf-with-dsym";
				ENABLE_NS_ASSERTIONS = NO;
				ENABLE_STRICT_OBJC_MSGSEND = YES;
				GCC_C_LANGUAGE_STANDARD = gnu11;
				GCC_NO_COMMON_BLOCKS = YES;
				GCC_WARN_64_TO_32_BIT_CONVERSION = YES;
				GCC_WARN_ABOUT_RETURN_TYPE = YES_ERROR;
				GCC_WARN_UNDECLARED_SELECTOR = YES;
				GCC_WARN_UNINITIALIZED_AUTOS = YES_AGGRESSIVE;
				GCC_WARN_UNUSED_FUNCTION = YES;
				GCC_WARN_UNUSED_VARIABLE = YES;
				MTL_ENABLE_DEBUG_INFO = NO;
				MTL_FAST_MATH = YES;
				SWIFT_COMPILATION_MODE = wholemodule;
				SWIFT_OPTIMIZATION_LEVEL = "-O";
			};
			name = Release;
		};
		3C186B3429CEC1B8009100C9 /* Debug */ = {
			isa = XCBuildConfiguration;
			buildSettings = {
				ASSETCATALOG_COMPILER_APPICON_NAME = AppIcon;
				ASSETCATALOG_COMPILER_GLOBAL_ACCENT_COLOR_NAME = AccentColor;
				CODE_SIGN_STYLE = Automatic;
				CURRENT_PROJECT_VERSION = 1;
				DEVELOPMENT_ASSET_PATHS = "\"Magic 8 Ball Watch App/Preview Content\"";
				DEVELOPMENT_TEAM = TA59XVWN77;
				ENABLE_PREVIEWS = YES;
				GENERATE_INFOPLIST_FILE = YES;
				INFOPLIST_KEY_UISupportedInterfaceOrientations = "UIInterfaceOrientationPortrait UIInterfaceOrientationPortraitUpsideDown";
				INFOPLIST_KEY_WKCompanionAppBundleIdentifier = com.langworth.magic8ball;
				LD_RUNPATH_SEARCH_PATHS = (
					"$(inherited)",
					"@executable_path/Frameworks",
				);
				MARKETING_VERSION = 1.0;
				PRODUCT_BUNDLE_IDENTIFIER = com.langworth.magic8ball.watchkitapp;
				PRODUCT_NAME = "Magic 8 Ball";
				SDKROOT = watchos;
				SKIP_INSTALL = YES;
				SWIFT_EMIT_LOC_STRINGS = YES;
				SWIFT_VERSION = 5.0;
				TARGETED_DEVICE_FAMILY = 4;
				WATCHOS_DEPLOYMENT_TARGET = 9.1;
			};
			name = Debug;
		};
		3C186B3529CEC1B8009100C9 /* Release */ = {
			isa = XCBuildConfiguration;
			buildSettings = {
				ASSETCATALOG_COMPILER_APPICON_NAME = AppIcon;
				ASSETCATALOG_COMPILER_GLOBAL_ACCENT_COLOR_NAME = AccentColor;
				CODE_SIGN_STYLE = Automatic;
				CURRENT_PROJECT_VERSION = 1;
				DEVELOPMENT_ASSET_PATHS = "\"Magic 8 Ball Watch App/Preview Content\"";
				DEVELOPMENT_TEAM = TA59XVWN77;
				ENABLE_PREVIEWS = YES;
				GENERATE_INFOPLIST_FILE = YES;
				INFOPLIST_KEY_UISupportedInterfaceOrientations = "UIInterfaceOrientationPortrait UIInterfaceOrientationPortraitUpsideDown";
				INFOPLIST_KEY_WKCompanionAppBundleIdentifier = com.langworth.magic8ball;
				LD_RUNPATH_SEARCH_PATHS = (
					"$(inherited)",
					"@executable_path/Frameworks",
				);
				MARKETING_VERSION = 1.0;
				PRODUCT_BUNDLE_IDENTIFIER = com.langworth.magic8ball.watchkitapp;
				PRODUCT_NAME = "Magic 8 Ball";
				SDKROOT = watchos;
				SKIP_INSTALL = YES;
				SWIFT_EMIT_LOC_STRINGS = YES;
				SWIFT_VERSION = 5.0;
				TARGETED_DEVICE_FAMILY = 4;
				VALIDATE_PRODUCT = YES;
				WATCHOS_DEPLOYMENT_TARGET = 9.1;
			};
			name = Release;
		};
		3C186B3829CEC1B8009100C9 /* Debug */ = {
			isa = XCBuildConfiguration;
			buildSettings = {
				ALWAYS_EMBED_SWIFT_STANDARD_LIBRARIES = YES;
				ASSETCATALOG_COMPILER_APPICON_NAME = AppIcon;
				ASSETCATALOG_COMPILER_GLOBAL_ACCENT_COLOR_NAME = AccentColor;
				CODE_SIGN_STYLE = Automatic;
				CURRENT_PROJECT_VERSION = 1;
				DEVELOPMENT_ASSET_PATHS = "\"Magic 8 Ball/Preview Content\"";
				DEVELOPMENT_TEAM = TA59XVWN77;
				ENABLE_PREVIEWS = YES;
				GENERATE_INFOPLIST_FILE = YES;
				INFOPLIST_KEY_CFBundleDisplayName = "Magic 8 Ball";
				INFOPLIST_KEY_LSApplicationCategoryType = "public.app-category.entertainment";
				INFOPLIST_KEY_UIApplicationSceneManifest_Generation = YES;
				INFOPLIST_KEY_UIApplicationSupportsIndirectInputEvents = YES;
				INFOPLIST_KEY_UILaunchScreen_Generation = YES;
				INFOPLIST_KEY_UILaunchStoryboardName = LaunchScreen.storyboard;
				INFOPLIST_KEY_UISupportedInterfaceOrientations_iPad = "UIInterfaceOrientationPortrait UIInterfaceOrientationPortraitUpsideDown UIInterfaceOrientationLandscapeLeft UIInterfaceOrientationLandscapeRight";
				INFOPLIST_KEY_UISupportedInterfaceOrientations_iPhone = "UIInterfaceOrientationPortrait UIInterfaceOrientationLandscapeLeft UIInterfaceOrientationLandscapeRight";
				IPHONEOS_DEPLOYMENT_TARGET = 16.2;
				LD_RUNPATH_SEARCH_PATHS = (
					"$(inherited)",
					"@executable_path/Frameworks",
				);
				MARKETING_VERSION = 1.0;
				PRODUCT_BUNDLE_IDENTIFIER = com.langworth.magic8ball;
				PRODUCT_NAME = "$(TARGET_NAME)";
				SDKROOT = iphoneos;
				SWIFT_EMIT_LOC_STRINGS = YES;
				SWIFT_VERSION = 5.0;
				TARGETED_DEVICE_FAMILY = "1,2";
			};
			name = Debug;
		};
		3C186B3929CEC1B8009100C9 /* Release */ = {
			isa = XCBuildConfiguration;
			buildSettings = {
				ALWAYS_EMBED_SWIFT_STANDARD_LIBRARIES = YES;
				ASSETCATALOG_COMPILER_APPICON_NAME = AppIcon;
				ASSETCATALOG_COMPILER_GLOBAL_ACCENT_COLOR_NAME = AccentColor;
				CODE_SIGN_STYLE = Automatic;
				CURRENT_PROJECT_VERSION = 1;
				DEVELOPMENT_ASSET_PATHS = "\"Magic 8 Ball/Preview Content\"";
				DEVELOPMENT_TEAM = TA59XVWN77;
				ENABLE_PREVIEWS = YES;
				GENERATE_INFOPLIST_FILE = YES;
				INFOPLIST_KEY_CFBundleDisplayName = "Magic 8 Ball";
				INFOPLIST_KEY_LSApplicationCategoryType = "public.app-category.entertainment";
				INFOPLIST_KEY_UIApplicationSceneManifest_Generation = YES;
				INFOPLIST_KEY_UIApplicationSupportsIndirectInputEvents = YES;
				INFOPLIST_KEY_UILaunchScreen_Generation = YES;
				INFOPLIST_KEY_UILaunchStoryboardName = LaunchScreen.storyboard;
				INFOPLIST_KEY_UISupportedInterfaceOrientations_iPad = "UIInterfaceOrientationPortrait UIInterfaceOrientationPortraitUpsideDown UIInterfaceOrientationLandscapeLeft UIInterfaceOrientationLandscapeRight";
				INFOPLIST_KEY_UISupportedInterfaceOrientations_iPhone = "UIInterfaceOrientationPortrait UIInterfaceOrientationLandscapeLeft UIInterfaceOrientationLandscapeRight";
				IPHONEOS_DEPLOYMENT_TARGET = 16.2;
				LD_RUNPATH_SEARCH_PATHS = (
					"$(inherited)",
					"@executable_path/Frameworks",
				);
				MARKETING_VERSION = 1.0;
				PRODUCT_BUNDLE_IDENTIFIER = com.langworth.magic8ball;
				PRODUCT_NAME = "$(TARGET_NAME)";
				SDKROOT = iphoneos;
				SWIFT_EMIT_LOC_STRINGS = YES;
				SWIFT_VERSION = 5.0;
				TARGETED_DEVICE_FAMILY = "1,2";
				VALIDATE_PRODUCT = YES;
			};
			name = Release;
		};
/* End XCBuildConfiguration section */

/* Begin XCConfigurationList section */
		3C186B0E29CEC1B7009100C9 /* Build configuration list for PBXProject "Magic 8 Ball" */ = {
			isa = XCConfigurationList;
			buildConfigurations = (
				3C186B3129CEC1B8009100C9 /* Debug */,
				3C186B3229CEC1B8009100C9 /* Release */,
			);
			defaultConfigurationIsVisible = 0;
			defaultConfigurationName = Release;
		};
		3C186B3329CEC1B8009100C9 /* Build configuration list for PBXNativeTarget "Magic 8 Ball Watch App" */ = {
			isa = XCConfigurationList;
			buildConfigurations = (
				3C186B3429CEC1B8009100C9 /* Debug */,
				3C186B3529CEC1B8009100C9 /* Release */,
			);
			defaultConfigurationIsVisible = 0;
			defaultConfigurationName = Release;
		};
		3C186B3729CEC1B8009100C9 /* Build configuration list for PBXNativeTarget "Magic 8 Ball" */ = {
			isa = XCConfigurationList;
			buildConfigurations = (
				3C186B3829CEC1B8009100C9 /* Debug */,
				3C186B3929CEC1B8009100C9 /* Release */,
			);
			defaultConfigurationIsVisible = 0;
			defaultConfigurationName = Release;
		};
/* End XCConfigurationList section */
	};
	rootObject = 3C186B0B29CEC1B7009100C9 /* Project object */;
}
